
Microsoft Visual Studio Solution File, Format Version 12.00
# Visual Studio 14
VisualStudioVersion = 14.0.25420.1
MinimumVisualStudioVersion = 10.0.40219.1
Project("{FAE04EC0-301F-11D3-BF4B-00C04F79EFBC}") = "Rox.Xamarin.Video.Sample.Android", "Sample\Android\Rox.Xamarin.Video.Sample.Android.csproj", "{DBDF2B7B-4B41-4F53-9DAE-2BF4B6B647A5}"
EndProject
Project("{FAE04EC0-301F-11D3-BF4B-00C04F79EFBC}") = "Rox.Xamarin.Video.Sample.Ios", "Sample\Ios\Rox.Xamarin.Video.Sample.Ios.csproj", "{D60BF384-3F1A-46F4-ADC3-3447E8109E4D}"
EndProject
Project("{FAE04EC0-301F-11D3-BF4B-00C04F79EFBC}") = "Rox.Xamarin.Video.Sample.Uwp", "Sample\Uwp\Rox.Xamarin.Video.Sample.Uwp.csproj", "{A1A4CCFF-1691-43EF-9352-6481E15042CA}"
EndProject
Project("{FAE04EC0-301F-11D3-BF4B-00C04F79EFBC}") = "Rox.Xamarin.Video.Sample.Portable", "Sample\Portable\Rox.Xamarin.Video.Sample.Portable.csproj", "{3E06D134-E923-4AEF-8127-8CEF6995DC0A}"
EndProject
Global
	GlobalSection(SolutionConfigurationPlatforms) = preSolution
		Ad-Hoc|Any CPU = Ad-Hoc|Any CPU
		Ad-Hoc|ARM = Ad-Hoc|ARM
		Ad-Hoc|iPhone = Ad-Hoc|iPhone
		Ad-Hoc|iPhoneSimulator = Ad-Hoc|iPhoneSimulator
		Ad-Hoc|x64 = Ad-Hoc|x64
		Ad-Hoc|x86 = Ad-Hoc|x86
		AppStore|Any CPU = AppStore|Any CPU
		AppStore|ARM = AppStore|ARM
		AppStore|iPhone = AppStore|iPhone
		AppStore|iPhoneSimulator = AppStore|iPhoneSimulator
		AppStore|x64 = AppStore|x64
		AppStore|x86 = AppStore|x86
		Debug|Any CPU = Debug|Any CPU
		Debug|ARM = Debug|ARM
		Debug|iPhone = Debug|iPhone
		Debug|iPhoneSimulator = Debug|iPhoneSimulator
		Debug|x64 = Debug|x64
		Debug|x86 = Debug|x86
		Release|Any CPU = Release|Any CPU
		Release|ARM = Release|ARM
		Release|iPhone = Release|iPhone
		Release|iPhoneSimulator = Release|iPhoneSimulator
		Release|x64 = Release|x64
		Release|x86 = Release|x86
	EndGlobalSection
	GlobalSection(ProjectConfigurationPlatforms) = postSolution
		{DBDF2B7B-4B41-4F53-9DAE-2BF4B6B647A5}.Ad-Hoc|Any CPU.ActiveCfg = Release|Any CPU
		{DBDF2B7B-4B41-4F53-9DAE-2BF4B6B647A5}.Ad-Hoc|Any CPU.Build.0 = Release|Any CPU
		{DBDF2B7B-4B41-4F53-9DAE-2BF4B6B647A5}.Ad-Hoc|Any CPU.Deploy.0 = Release|Any CPU
		{DBDF2B7B-4B41-4F53-9DAE-2BF4B6B647A5}.Ad-Hoc|ARM.ActiveCfg = Release|Any CPU
		{DBDF2B7B-4B41-4F53-9DAE-2BF4B6B647A5}.Ad-Hoc|ARM.Build.0 = Release|Any CPU
		{DBDF2B7B-4B41-4F53-9DAE-2BF4B6B647A5}.Ad-Hoc|ARM.Deploy.0 = Release|Any CPU
		{DBDF2B7B-4B41-4F53-9DAE-2BF4B6B647A5}.Ad-Hoc|iPhone.ActiveCfg = Release|Any CPU
		{DBDF2B7B-4B41-4F53-9DAE-2BF4B6B647A5}.Ad-Hoc|iPhone.Build.0 = Release|Any CPU
		{DBDF2B7B-4B41-4F53-9DAE-2BF4B6B647A5}.Ad-Hoc|iPhone.Deploy.0 = Release|Any CPU
		{DBDF2B7B-4B41-4F53-9DAE-2BF4B6B647A5}.Ad-Hoc|iPhoneSimulator.ActiveCfg = Release|Any CPU
		{DBDF2B7B-4B41-4F53-9DAE-2BF4B6B647A5}.Ad-Hoc|iPhoneSimulator.Build.0 = Release|Any CPU
		{DBDF2B7B-4B41-4F53-9DAE-2BF4B6B647A5}.Ad-Hoc|iPhoneSimulator.Deploy.0 = Release|Any CPU
		{DBDF2B7B-4B41-4F53-9DAE-2BF4B6B647A5}.Ad-Hoc|x64.ActiveCfg = Release|Any CPU
		{DBDF2B7B-4B41-4F53-9DAE-2BF4B6B647A5}.Ad-Hoc|x64.Build.0 = Release|Any CPU
		{DBDF2B7B-4B41-4F53-9DAE-2BF4B6B647A5}.Ad-Hoc|x64.Deploy.0 = Release|Any CPU
		{DBDF2B7B-4B41-4F53-9DAE-2BF4B6B647A5}.Ad-Hoc|x86.ActiveCfg = Release|Any CPU
		{DBDF2B7B-4B41-4F53-9DAE-2BF4B6B647A5}.Ad-Hoc|x86.Build.0 = Release|Any CPU
		{DBDF2B7B-4B41-4F53-9DAE-2BF4B6B647A5}.Ad-Hoc|x86.Deploy.0 = Release|Any CPU
		{DBDF2B7B-4B41-4F53-9DAE-2BF4B6B647A5}.AppStore|Any CPU.ActiveCfg = Release|Any CPU
		{DBDF2B7B-4B41-4F53-9DAE-2BF4B6B647A5}.AppStore|Any CPU.Build.0 = Release|Any CPU
		{DBDF2B7B-4B41-4F53-9DAE-2BF4B6B647A5}.AppStore|Any CPU.Deploy.0 = Release|Any CPU
		{DBDF2B7B-4B41-4F53-9DAE-2BF4B6B647A5}.AppStore|ARM.ActiveCfg = Release|Any CPU
		{DBDF2B7B-4B41-4F53-9DAE-2BF4B6B647A5}.AppStore|ARM.Build.0 = Release|Any CPU
		{DBDF2B7B-4B41-4F53-9DAE-2BF4B6B647A5}.AppStore|ARM.Deploy.0 = Release|Any CPU
		{DBDF2B7B-4B41-4F53-9DAE-2BF4B6B647A5}.AppStore|iPhone.ActiveCfg = Release|Any CPU
		{DBDF2B7B-4B41-4F53-9DAE-2BF4B6B647A5}.AppStore|iPhone.Build.0 = Release|Any CPU
		{DBDF2B7B-4B41-4F53-9DAE-2BF4B6B647A5}.AppStore|iPhone.Deploy.0 = Release|Any CPU
		{DBDF2B7B-4B41-4F53-9DAE-2BF4B6B647A5}.AppStore|iPhoneSimulator.ActiveCfg = Release|Any CPU
		{DBDF2B7B-4B41-4F53-9DAE-2BF4B6B647A5}.AppStore|iPhoneSimulator.Build.0 = Release|Any CPU
		{DBDF2B7B-4B41-4F53-9DAE-2BF4B6B647A5}.AppStore|iPhoneSimulator.Deploy.0 = Release|Any CPU
		{DBDF2B7B-4B41-4F53-9DAE-2BF4B6B647A5}.AppStore|x64.ActiveCfg = Release|Any CPU
		{DBDF2B7B-4B41-4F53-9DAE-2BF4B6B647A5}.AppStore|x64.Build.0 = Release|Any CPU
		{DBDF2B7B-4B41-4F53-9DAE-2BF4B6B647A5}.AppStore|x64.Deploy.0 = Release|Any CPU
		{DBDF2B7B-4B41-4F53-9DAE-2BF4B6B647A5}.AppStore|x86.ActiveCfg = Release|Any CPU
		{DBDF2B7B-4B41-4F53-9DAE-2BF4B6B647A5}.AppStore|x86.Build.0 = Release|Any CPU
		{DBDF2B7B-4B41-4F53-9DAE-2BF4B6B647A5}.AppStore|x86.Deploy.0 = Release|Any CPU
		{DBDF2B7B-4B41-4F53-9DAE-2BF4B6B647A5}.Debug|Any CPU.ActiveCfg = Debug|Any CPU
		{DBDF2B7B-4B41-4F53-9DAE-2BF4B6B647A5}.Debug|Any CPU.Build.0 = Debug|Any CPU
		{DBDF2B7B-4B41-4F53-9DAE-2BF4B6B647A5}.Debug|Any CPU.Deploy.0 = Debug|Any CPU
		{DBDF2B7B-4B41-4F53-9DAE-2BF4B6B647A5}.Debug|ARM.ActiveCfg = Debug|Any CPU
		{DBDF2B7B-4B41-4F53-9DAE-2BF4B6B647A5}.Debug|ARM.Build.0 = Debug|Any CPU
		{DBDF2B7B-4B41-4F53-9DAE-2BF4B6B647A5}.Debug|ARM.Deploy.0 = Debug|Any CPU
		{DBDF2B7B-4B41-4F53-9DAE-2BF4B6B647A5}.Debug|iPhone.ActiveCfg = Debug|Any CPU
		{DBDF2B7B-4B41-4F53-9DAE-2BF4B6B647A5}.Debug|iPhone.Build.0 = Debug|Any CPU
		{DBDF2B7B-4B41-4F53-9DAE-2BF4B6B647A5}.Debug|iPhone.Deploy.0 = Debug|Any CPU
		{DBDF2B7B-4B41-4F53-9DAE-2BF4B6B647A5}.Debug|iPhoneSimulator.ActiveCfg = Debug|Any CPU
		{DBDF2B7B-4B41-4F53-9DAE-2BF4B6B647A5}.Debug|iPhoneSimulator.Build.0 = Debug|Any CPU
		{DBDF2B7B-4B41-4F53-9DAE-2BF4B6B647A5}.Debug|iPhoneSimulator.Deploy.0 = Debug|Any CPU
		{DBDF2B7B-4B41-4F53-9DAE-2BF4B6B647A5}.Debug|x64.ActiveCfg = Debug|Any CPU
		{DBDF2B7B-4B41-4F53-9DAE-2BF4B6B647A5}.Debug|x64.Build.0 = Debug|Any CPU
		{DBDF2B7B-4B41-4F53-9DAE-2BF4B6B647A5}.Debug|x64.Deploy.0 = Debug|Any CPU
		{DBDF2B7B-4B41-4F53-9DAE-2BF4B6B647A5}.Debug|x86.ActiveCfg = Debug|Any CPU
		{DBDF2B7B-4B41-4F53-9DAE-2BF4B6B647A5}.Debug|x86.Build.0 = Debug|Any CPU
		{DBDF2B7B-4B41-4F53-9DAE-2BF4B6B647A5}.Debug|x86.Deploy.0 = Debug|Any CPU
		{DBDF2B7B-4B41-4F53-9DAE-2BF4B6B647A5}.Release|Any CPU.ActiveCfg = Release|Any CPU
		{DBDF2B7B-4B41-4F53-9DAE-2BF4B6B647A5}.Release|Any CPU.Build.0 = Release|Any CPU
		{DBDF2B7B-4B41-4F53-9DAE-2BF4B6B647A5}.Release|Any CPU.Deploy.0 = Release|Any CPU
		{DBDF2B7B-4B41-4F53-9DAE-2BF4B6B647A5}.Release|ARM.ActiveCfg = Release|Any CPU
		{DBDF2B7B-4B41-4F53-9DAE-2BF4B6B647A5}.Release|ARM.Build.0 = Release|Any CPU
		{DBDF2B7B-4B41-4F53-9DAE-2BF4B6B647A5}.Release|ARM.Deploy.0 = Release|Any CPU
		{DBDF2B7B-4B41-4F53-9DAE-2BF4B6B647A5}.Release|iPhone.ActiveCfg = Release|Any CPU
		{DBDF2B7B-4B41-4F53-9DAE-2BF4B6B647A5}.Release|iPhone.Build.0 = Release|Any CPU
		{DBDF2B7B-4B41-4F53-9DAE-2BF4B6B647A5}.Release|iPhone.Deploy.0 = Release|Any CPU
		{DBDF2B7B-4B41-4F53-9DAE-2BF4B6B647A5}.Release|iPhoneSimulator.ActiveCfg = Release|Any CPU
		{DBDF2B7B-4B41-4F53-9DAE-2BF4B6B647A5}.Release|iPhoneSimulator.Build.0 = Release|Any CPU
		{DBDF2B7B-4B41-4F53-9DAE-2BF4B6B647A5}.Release|iPhoneSimulator.Deploy.0 = Release|Any CPU
		{DBDF2B7B-4B41-4F53-9DAE-2BF4B6B647A5}.Release|x64.ActiveCfg = Release|Any CPU
		{DBDF2B7B-4B41-4F53-9DAE-2BF4B6B647A5}.Release|x64.Build.0 = Release|Any CPU
		{DBDF2B7B-4B41-4F53-9DAE-2BF4B6B647A5}.Release|x64.Deploy.0 = Release|Any CPU
		{DBDF2B7B-4B41-4F53-9DAE-2BF4B6B647A5}.Release|x86.ActiveCfg = Release|Any CPU
		{DBDF2B7B-4B41-4F53-9DAE-2BF4B6B647A5}.Release|x86.Build.0 = Release|Any CPU
		{DBDF2B7B-4B41-4F53-9DAE-2BF4B6B647A5}.Release|x86.Deploy.0 = Release|Any CPU
		{D60BF384-3F1A-46F4-ADC3-3447E8109E4D}.Ad-Hoc|Any CPU.ActiveCfg = Ad-Hoc|iPhone
		{D60BF384-3F1A-46F4-ADC3-3447E8109E4D}.Ad-Hoc|ARM.ActiveCfg = Ad-Hoc|iPhone
		{D60BF384-3F1A-46F4-ADC3-3447E8109E4D}.Ad-Hoc|iPhone.ActiveCfg = Ad-Hoc|iPhone
		{D60BF384-3F1A-46F4-ADC3-3447E8109E4D}.Ad-Hoc|iPhone.Build.0 = Ad-Hoc|iPhone
		{D60BF384-3F1A-46F4-ADC3-3447E8109E4D}.Ad-Hoc|iPhoneSimulator.ActiveCfg = Ad-Hoc|iPhoneSimulator
		{D60BF384-3F1A-46F4-ADC3-3447E8109E4D}.Ad-Hoc|iPhoneSimulator.Build.0 = Ad-Hoc|iPhoneSimulator
		{D60BF384-3F1A-46F4-ADC3-3447E8109E4D}.Ad-Hoc|x64.ActiveCfg = Ad-Hoc|iPhone
		{D60BF384-3F1A-46F4-ADC3-3447E8109E4D}.Ad-Hoc|x86.ActiveCfg = Ad-Hoc|iPhone
		{D60BF384-3F1A-46F4-ADC3-3447E8109E4D}.AppStore|Any CPU.ActiveCfg = AppStore|iPhone
		{D60BF384-3F1A-46F4-ADC3-3447E8109E4D}.AppStore|ARM.ActiveCfg = AppStore|iPhone
		{D60BF384-3F1A-46F4-ADC3-3447E8109E4D}.AppStore|iPhone.ActiveCfg = AppStore|iPhone
		{D60BF384-3F1A-46F4-ADC3-3447E8109E4D}.AppStore|iPhone.Build.0 = AppStore|iPhone
		{D60BF384-3F1A-46F4-ADC3-3447E8109E4D}.AppStore|iPhoneSimulator.ActiveCfg = AppStore|iPhoneSimulator
		{D60BF384-3F1A-46F4-ADC3-3447E8109E4D}.AppStore|iPhoneSimulator.Build.0 = AppStore|iPhoneSimulator
		{D60BF384-3F1A-46F4-ADC3-3447E8109E4D}.AppStore|x64.ActiveCfg = AppStore|iPhone
		{D60BF384-3F1A-46F4-ADC3-3447E8109E4D}.AppStore|x86.ActiveCfg = AppStore|iPhone
		{D60BF384-3F1A-46F4-ADC3-3447E8109E4D}.Debug|Any CPU.ActiveCfg = Debug|iPhone
		{D60BF384-3F1A-46F4-ADC3-3447E8109E4D}.Debug|ARM.ActiveCfg = Debug|iPhone
		{D60BF384-3F1A-46F4-ADC3-3447E8109E4D}.Debug|iPhone.ActiveCfg = Debug|iPhone
		{D60BF384-3F1A-46F4-ADC3-3447E8109E4D}.Debug|iPhone.Build.0 = Debug|iPhone
		{D60BF384-3F1A-46F4-ADC3-3447E8109E4D}.Debug|iPhoneSimulator.ActiveCfg = Debug|iPhoneSimulator
		{D60BF384-3F1A-46F4-ADC3-3447E8109E4D}.Debug|iPhoneSimulator.Build.0 = Debug|iPhoneSimulator
		{D60BF384-3F1A-46F4-ADC3-3447E8109E4D}.Debug|x64.ActiveCfg = Debug|iPhone
		{D60BF384-3F1A-46F4-ADC3-3447E8109E4D}.Debug|x86.ActiveCfg = Debug|iPhone
		{D60BF384-3F1A-46F4-ADC3-3447E8109E4D}.Release|Any CPU.ActiveCfg = Release|iPhone
		{D60BF384-3F1A-46F4-ADC3-3447E8109E4D}.Release|ARM.ActiveCfg = Release|iPhone
		{D60BF384-3F1A-46F4-ADC3-3447E8109E4D}.Release|iPhone.ActiveCfg = Release|iPhone
		{D60BF384-3F1A-46F4-ADC3-3447E8109E4D}.Release|iPhone.Build.0 = Release|iPhone
		{D60BF384-3F1A-46F4-ADC3-3447E8109E4D}.Release|iPhoneSimulator.ActiveCfg = Release|iPhoneSimulator
		{D60BF384-3F1A-46F4-ADC3-3447E8109E4D}.Release|iPhoneSimulator.Build.0 = Release|iPhoneSimulator
		{D60BF384-3F1A-46F4-ADC3-3447E8109E4D}.Release|x64.ActiveCfg = Release|iPhone
		{D60BF384-3F1A-46F4-ADC3-3447E8109E4D}.Release|x86.ActiveCfg = Release|iPhone
		{A1A4CCFF-1691-43EF-9352-6481E15042CA}.Ad-Hoc|Any CPU.ActiveCfg = Release|x86
		{A1A4CCFF-1691-43EF-9352-6481E15042CA}.Ad-Hoc|Any CPU.Build.0 = Release|x86
		{A1A4CCFF-1691-43EF-9352-6481E15042CA}.Ad-Hoc|Any CPU.Deploy.0 = Release|x86
		{A1A4CCFF-1691-43EF-9352-6481E15042CA}.Ad-Hoc|ARM.ActiveCfg = Release|ARM
		{A1A4CCFF-1691-43EF-9352-6481E15042CA}.Ad-Hoc|ARM.Build.0 = Release|ARM
		{A1A4CCFF-1691-43EF-9352-6481E15042CA}.Ad-Hoc|ARM.Deploy.0 = Release|ARM
		{A1A4CCFF-1691-43EF-9352-6481E15042CA}.Ad-Hoc|iPhone.ActiveCfg = Release|x86
		{A1A4CCFF-1691-43EF-9352-6481E15042CA}.Ad-Hoc|iPhone.Build.0 = Release|x86
		{A1A4CCFF-1691-43EF-9352-6481E15042CA}.Ad-Hoc|iPhone.Deploy.0 = Release|x86
		{A1A4CCFF-1691-43EF-9352-6481E15042CA}.Ad-Hoc|iPhoneSimulator.ActiveCfg = Release|x86
		{A1A4CCFF-1691-43EF-9352-6481E15042CA}.Ad-Hoc|iPhoneSimulator.Build.0 = Release|x86
		{A1A4CCFF-1691-43EF-9352-6481E15042CA}.Ad-Hoc|iPhoneSimulator.Deploy.0 = Release|x86
		{A1A4CCFF-1691-43EF-9352-6481E15042CA}.Ad-Hoc|x64.ActiveCfg = Release|x64
		{A1A4CCFF-1691-43EF-9352-6481E15042CA}.Ad-Hoc|x64.Build.0 = Release|x64
		{A1A4CCFF-1691-43EF-9352-6481E15042CA}.Ad-Hoc|x64.Deploy.0 = Release|x64
		{A1A4CCFF-1691-43EF-9352-6481E15042CA}.Ad-Hoc|x86.ActiveCfg = Release|x86
		{A1A4CCFF-1691-43EF-9352-6481E15042CA}.Ad-Hoc|x86.Build.0 = Release|x86
		{A1A4CCFF-1691-43EF-9352-6481E15042CA}.Ad-Hoc|x86.Deploy.0 = Release|x86
		{A1A4CCFF-1691-43EF-9352-6481E15042CA}.AppStore|Any CPU.ActiveCfg = Release|x86
		{A1A4CCFF-1691-43EF-9352-6481E15042CA}.AppStore|Any CPU.Build.0 = Release|x86
		{A1A4CCFF-1691-43EF-9352-6481E15042CA}.AppStore|Any CPU.Deploy.0 = Release|x86
		{A1A4CCFF-1691-43EF-9352-6481E15042CA}.AppStore|ARM.ActiveCfg = Release|ARM
		{A1A4CCFF-1691-43EF-9352-6481E15042CA}.AppStore|ARM.Build.0 = Release|ARM
		{A1A4CCFF-1691-43EF-9352-6481E15042CA}.AppStore|ARM.Deploy.0 = Release|ARM
		{A1A4CCFF-1691-43EF-9352-6481E15042CA}.AppStore|iPhone.ActiveCfg = Release|x86
		{A1A4CCFF-1691-43EF-9352-6481E15042CA}.AppStore|iPhone.Build.0 = Release|x86
		{A1A4CCFF-1691-43EF-9352-6481E15042CA}.AppStore|iPhone.Deploy.0 = Release|x86
		{A1A4CCFF-1691-43EF-9352-6481E15042CA}.AppStore|iPhoneSimulator.ActiveCfg = Release|x86
		{A1A4CCFF-1691-43EF-9352-6481E15042CA}.AppStore|iPhoneSimulator.Build.0 = Release|x86
		{A1A4CCFF-1691-43EF-9352-6481E15042CA}.AppStore|iPhoneSimulator.Deploy.0 = Release|x86
		{A1A4CCFF-1691-43EF-9352-6481E15042CA}.AppStore|x64.ActiveCfg = Release|x64
		{A1A4CCFF-1691-43EF-9352-6481E15042CA}.AppStore|x64.Build.0 = Release|x64
		{A1A4CCFF-1691-43EF-9352-6481E15042CA}.AppStore|x64.Deploy.0 = Release|x64
		{A1A4CCFF-1691-43EF-9352-6481E15042CA}.AppStore|x86.ActiveCfg = Release|x86
		{A1A4CCFF-1691-43EF-9352-6481E15042CA}.AppStore|x86.Build.0 = Release|x86
		{A1A4CCFF-1691-43EF-9352-6481E15042CA}.AppStore|x86.Deploy.0 = Release|x86
		{A1A4CCFF-1691-43EF-9352-6481E15042CA}.Debug|Any CPU.ActiveCfg = Debug|x86
		{A1A4CCFF-1691-43EF-9352-6481E15042CA}.Debug|ARM.ActiveCfg = Debug|ARM
		{A1A4CCFF-1691-43EF-9352-6481E15042CA}.Debug|ARM.Build.0 = Debug|ARM
		{A1A4CCFF-1691-43EF-9352-6481E15042CA}.Debug|ARM.Deploy.0 = Debug|ARM
		{A1A4CCFF-1691-43EF-9352-6481E15042CA}.Debug|iPhone.ActiveCfg = Debug|x86
		{A1A4CCFF-1691-43EF-9352-6481E15042CA}.Debug|iPhoneSimulator.ActiveCfg = Debug|x86
		{A1A4CCFF-1691-43EF-9352-6481E15042CA}.Debug|x64.ActiveCfg = Debug|x64
		{A1A4CCFF-1691-43EF-9352-6481E15042CA}.Debug|x64.Build.0 = Debug|x64
		{A1A4CCFF-1691-43EF-9352-6481E15042CA}.Debug|x64.Deploy.0 = Debug|x64
		{A1A4CCFF-1691-43EF-9352-6481E15042CA}.Debug|x86.ActiveCfg = Debug|x86
		{A1A4CCFF-1691-43EF-9352-6481E15042CA}.Debug|x86.Build.0 = Debug|x86
		{A1A4CCFF-1691-43EF-9352-6481E15042CA}.Debug|x86.Deploy.0 = Debug|x86
		{A1A4CCFF-1691-43EF-9352-6481E15042CA}.Release|Any CPU.ActiveCfg = Release|x86
		{A1A4CCFF-1691-43EF-9352-6481E15042CA}.Release|ARM.ActiveCfg = Release|ARM
		{A1A4CCFF-1691-43EF-9352-6481E15042CA}.Release|ARM.Build.0 = Release|ARM
		{A1A4CCFF-1691-43EF-9352-6481E15042CA}.Release|ARM.Deploy.0 = Release|ARM
		{A1A4CCFF-1691-43EF-9352-6481E15042CA}.Release|iPhone.ActiveCfg = Release|x86
		{A1A4CCFF-1691-43EF-9352-6481E15042CA}.Release|iPhoneSimulator.ActiveCfg = Release|x86
		{A1A4CCFF-1691-43EF-9352-6481E15042CA}.Release|x64.ActiveCfg = Release|x64
		{A1A4CCFF-1691-43EF-9352-6481E15042CA}.Release|x64.Build.0 = Release|x64
		{A1A4CCFF-1691-43EF-9352-6481E15042CA}.Release|x64.Deploy.0 = Release|x64
		{A1A4CCFF-1691-43EF-9352-6481E15042CA}.Release|x86.ActiveCfg = Release|x86
		{A1A4CCFF-1691-43EF-9352-6481E15042CA}.Release|x86.Build.0 = Release|x86
		{A1A4CCFF-1691-43EF-9352-6481E15042CA}.Release|x86.Deploy.0 = Release|x86
		{3E06D134-E923-4AEF-8127-8CEF6995DC0A}.Ad-Hoc|Any CPU.ActiveCfg = Release|Any CPU
		{3E06D134-E923-4AEF-8127-8CEF6995DC0A}.Ad-Hoc|Any CPU.Build.0 = Release|Any CPU
		{3E06D134-E923-4AEF-8127-8CEF6995DC0A}.Ad-Hoc|ARM.ActiveCfg = Release|Any CPU
		{3E06D134-E923-4AEF-8127-8CEF6995DC0A}.Ad-Hoc|ARM.Build.0 = Release|Any CPU
		{3E06D134-E923-4AEF-8127-8CEF6995DC0A}.Ad-Hoc|iPhone.ActiveCfg = Release|Any CPU
		{3E06D134-E923-4AEF-8127-8CEF6995DC0A}.Ad-Hoc|iPhone.Build.0 = Release|Any CPU
		{3E06D134-E923-4AEF-8127-8CEF6995DC0A}.Ad-Hoc|iPhoneSimulator.ActiveCfg = Release|Any CPU
		{3E06D134-E923-4AEF-8127-8CEF6995DC0A}.Ad-Hoc|iPhoneSimulator.Build.0 = Release|Any CPU
		{3E06D134-E923-4AEF-8127-8CEF6995DC0A}.Ad-Hoc|x64.ActiveCfg = Release|Any CPU
		{3E06D134-E923-4AEF-8127-8CEF6995DC0A}.Ad-Hoc|x64.Build.0 = Release|Any CPU
		{3E06D134-E923-4AEF-8127-8CEF6995DC0A}.Ad-Hoc|x86.ActiveCfg = Release|Any CPU
		{3E06D134-E923-4AEF-8127-8CEF6995DC0A}.Ad-Hoc|x86.Build.0 = Release|Any CPU
		{3E06D134-E923-4AEF-8127-8CEF6995DC0A}.AppStore|Any CPU.ActiveCfg = Release|Any CPU
		{3E06D134-E923-4AEF-8127-8CEF6995DC0A}.AppStore|Any CPU.Build.0 = Release|Any CPU
		{3E06D134-E923-4AEF-8127-8CEF6995DC0A}.AppStore|ARM.ActiveCfg = Release|Any CPU
		{3E06D134-E923-4AEF-8127-8CEF6995DC0A}.AppStore|ARM.Build.0 = Release|Any CPU
		{3E06D134-E923-4AEF-8127-8CEF6995DC0A}.AppStore|iPhone.ActiveCfg = Release|Any CPU
		{3E06D134-E923-4AEF-8127-8CEF6995DC0A}.AppStore|iPhone.Build.0 = Release|Any CPU
		{3E06D134-E923-4AEF-8127-8CEF6995DC0A}.AppStore|iPhoneSimulator.ActiveCfg = Release|Any CPU
		{3E06D134-E923-4AEF-8127-8CEF6995DC0A}.AppStore|iPhoneSimulator.Build.0 = Release|Any CPU
		{3E06D134-E923-4AEF-8127-8CEF6995DC0A}.AppStore|x64.ActiveCfg = Release|Any CPU
		{3E06D134-E923-4AEF-8127-8CEF6995DC0A}.AppStore|x64.Build.0 = Release|Any CPU
		{3E06D134-E923-4AEF-8127-8CEF6995DC0A}.AppStore|x86.ActiveCfg = Release|Any CPU
		{3E06D134-E923-4AEF-8127-8CEF6995DC0A}.AppStore|x86.Build.0 = Release|Any CPU
		{3E06D134-E923-4AEF-8127-8CEF6995DC0A}.Debug|Any CPU.ActiveCfg = Debug|Any CPU
		{3E06D134-E923-4AEF-8127-8CEF6995DC0A}.Debug|Any CPU.Build.0 = Debug|Any CPU
		{3E06D134-E923-4AEF-8127-8CEF6995DC0A}.Debug|ARM.ActiveCfg = Debug|Any CPU
		{3E06D134-E923-4AEF-8127-8CEF6995DC0A}.Debug|ARM.Build.0 = Debug|Any CPU
		{3E06D134-E923-4AEF-8127-8CEF6995DC0A}.Debug|iPhone.ActiveCfg = Debug|Any CPU
		{3E06D134-E923-4AEF-8127-8CEF6995DC0A}.Debug|iPhone.Build.0 = Debug|Any CPU
		{3E06D134-E923-4AEF-8127-8CEF6995DC0A}.Debug|iPhoneSimulator.ActiveCfg = Debug|Any CPU
		{3E06D134-E923-4AEF-8127-8CEF6995DC0A}.Debug|iPhoneSimulator.Build.0 = Debug|Any CPU
		{3E06D134-E923-4AEF-8127-8CEF6995DC0A}.Debug|x64.ActiveCfg = Debug|Any CPU
		{3E06D134-E923-4AEF-8127-8CEF6995DC0A}.Debug|x64.Build.0 = Debug|Any CPU
		{3E06D134-E923-4AEF-8127-8CEF6995DC0A}.Debug|x86.ActiveCfg = Debug|Any CPU
		{3E06D134-E923-4AEF-8127-8CEF6995DC0A}.Debug|x86.Build.0 = Debug|Any CPU
		{3E06D134-E923-4AEF-8127-8CEF6995DC0A}.Release|Any CPU.ActiveCfg = Release|Any CPU
		{3E06D134-E923-4AEF-8127-8CEF6995DC0A}.Release|Any CPU.Build.0 = Release|Any CPU
		{3E06D134-E923-4AEF-8127-8CEF6995DC0A}.Release|ARM.ActiveCfg = Release|Any CPU
		{3E06D134-E923-4AEF-8127-8CEF6995DC0A}.Release|ARM.Build.0 = Release|Any CPU
		{3E06D134-E923-4AEF-8127-8CEF6995DC0A}.Release|iPhone.ActiveCfg = Release|Any CPU
		{3E06D134-E923-4AEF-8127-8CEF6995DC0A}.Release|iPhone.Build.0 = Release|Any CPU
		{3E06D134-E923-4AEF-8127-8CEF6995DC0A}.Release|iPhoneSimulator.ActiveCfg = Release|Any CPU
		{3E06D134-E923-4AEF-8127-8CEF6995DC0A}.Release|iPhoneSimulator.Build.0 = Release|Any CPU
		{3E06D134-E923-4AEF-8127-8CEF6995DC0A}.Release|x64.ActiveCfg = Release|Any CPU
		{3E06D134-E923-4AEF-8127-8CEF6995DC0A}.Release|x64.Build.0 = Release|Any CPU
		{3E06D134-E923-4AEF-8127-8CEF6995DC0A}.Release|x86.ActiveCfg = Release|Any CPU
		{3E06D134-E923-4AEF-8127-8CEF6995DC0A}.Release|x86.Build.0 = Release|Any CPU
	EndGlobalSection
	GlobalSection(SolutionProperties) = preSolution
		HideSolutionNode = FALSE
	EndGlobalSection
EndGlobal
